
Microsoft Visual Studio Solution File, Format Version 12.00
# Visual Studio Version 17
VisualStudioVersion = 17.7.34031.279
MinimumVisualStudioVersion = 10.0.40219.1
Project("{FAE04EC0-301F-11D3-BF4B-00C04F79EFBC}") = "Lab5Question5", "Lab5Question5.csproj", "{68165B99-0395-4621-8216-EED9BBE2309D}"
EndProject
Global
	GlobalSection(SolutionConfigurationPlatforms) = preSolution
		Debug|Any CPU = Debug|Any CPU
		Release|Any CPU = Release|Any CPU
	EndGlobalSection
	GlobalSection(ProjectConfigurationPlatforms) = postSolution
		{68165B99-0395-4621-8216-EED9BBE2309D}.Debug|Any CPU.ActiveCfg = Debug|Any CPU
		{68165B99-0395-4621-8216-EED9BBE2309D}.Debug|Any CPU.Build.0 = Debug|Any CPU
		{68165B99-0395-4621-8216-EED9BBE2309D}.Release|Any CPU.ActiveCfg = Release|Any CPU
		{68165B99-0395-4621-8216-EED9BBE2309D}.Release|Any CPU.Build.0 = Release|Any CPU
	EndGlobalSection
	GlobalSection(SolutionProperties) = preSolution
		HideSolutionNode = FALSE
	EndGlobalSection
	GlobalSection(ExtensibilityGlobals) = postSolution
		SolutionGuid = {14E63D88-93FC-4BCD-AD01-C67BC295C008}
	EndGlobalSection
EndGlobal
