
Microsoft Visual Studio Solution File, Format Version 12.00
# Visual Studio Version 16
VisualStudioVersion = 16.0.30621.155
MinimumVisualStudioVersion = 10.0.40219.1
Project("{FAE04EC0-301F-11D3-BF4B-00C04F79EFBC}") = "Lab5Q1", "Lab5Q1.csproj", "{A67B10B0-8BD6-4F0A-B371-6D0CF79E5161}"
EndProject
Global
	GlobalSection(SolutionConfigurationPlatforms) = preSolution
		Debug|Any CPU = Debug|Any CPU
		Release|Any CPU = Release|Any CPU
	EndGlobalSection
	GlobalSection(ProjectConfigurationPlatforms) = postSolution
		{A67B10B0-8BD6-4F0A-B371-6D0CF79E5161}.Debug|Any CPU.ActiveCfg = Debug|Any CPU
		{A67B10B0-8BD6-4F0A-B371-6D0CF79E5161}.Debug|Any CPU.Build.0 = Debug|Any CPU
		{A67B10B0-8BD6-4F0A-B371-6D0CF79E5161}.Release|Any CPU.ActiveCfg = Release|Any CPU
		{A67B10B0-8BD6-4F0A-B371-6D0CF79E5161}.Release|Any CPU.Build.0 = Release|Any CPU
	EndGlobalSection
	GlobalSection(SolutionProperties) = preSolution
		HideSolutionNode = FALSE
	EndGlobalSection
	GlobalSection(ExtensibilityGlobals) = postSolution
		SolutionGuid = {EAE02230-23B3-4A8A-A4DD-E5567C3C76C5}
	EndGlobalSection
EndGlobal
